
Microsoft Visual Studio Solution File, Format Version 12.00
# Visual Studio 15
VisualStudioVersion = 15.0.28307.1000
MinimumVisualStudioVersion = 10.0.40219.1
Project("{8BC9CEB8-8B4A-11D0-8D11-00A0C91BC942}") = "GDIPlus_1", "GDIPlus_1\GDIPlus_1.vcxproj", "{30DF9939-F2D1-47FF-9665-BFA8C3A1159E}"
EndProject
Global
	GlobalSection(SolutionConfigurationPlatforms) = preSolution
		Debug|x64 = Debug|x64
		Debug|x86 = Debug|x86
		Release|x64 = Release|x64
		Release|x86 = Release|x86
	EndGlobalSection
	GlobalSection(ProjectConfigurationPlatforms) = postSolution
		{30DF9939-F2D1-47FF-9665-BFA8C3A1159E}.Debug|x64.ActiveCfg = Debug|x64
		{30DF9939-F2D1-47FF-9665-BFA8C3A1159E}.Debug|x64.Build.0 = Debug|x64
		{30DF9939-F2D1-47FF-9665-BFA8C3A1159E}.Debug|x86.ActiveCfg = Debug|Win32
		{30DF9939-F2D1-47FF-9665-BFA8C3A1159E}.Debug|x86.Build.0 = Debug|Win32
		{30DF9939-F2D1-47FF-9665-BFA8C3A1159E}.Release|x64.ActiveCfg = Release|x64
		{30DF9939-F2D1-47FF-9665-BFA8C3A1159E}.Release|x64.Build.0 = Release|x64
		{30DF9939-F2D1-47FF-9665-BFA8C3A1159E}.Release|x86.ActiveCfg = Release|Win32
		{30DF9939-F2D1-47FF-9665-BFA8C3A1159E}.Release|x86.Build.0 = Release|Win32
	EndGlobalSection
	GlobalSection(SolutionProperties) = preSolution
		HideSolutionNode = FALSE
	EndGlobalSection
	GlobalSection(ExtensibilityGlobals) = postSolution
		SolutionGuid = {C621C025-16CE-4545-B4C3-FB36D12FB002}
	EndGlobalSection
EndGlobal
